
Microsoft Visual Studio Solution File, Format Version 12.00
# Visual Studio Version 17
VisualStudioVersion = 17.5.33424.131
MinimumVisualStudioVersion = 10.0.40219.1
Project("{9A19103F-16F7-4668-BE54-9A1E7A4F7556}") = "MyPersonalMatchApi", "MyPersonalMatchApi.csproj", "{A40451AD-0265-4CFF-A9DA-974D38D4E693}"
EndProject
Global
	GlobalSection(SolutionConfigurationPlatforms) = preSolution
		Debug|Any CPU = Debug|Any CPU
		Release|Any CPU = Release|Any CPU
	EndGlobalSection
	GlobalSection(ProjectConfigurationPlatforms) = postSolution
		{A40451AD-0265-4CFF-A9DA-974D38D4E693}.Debug|Any CPU.ActiveCfg = Debug|Any CPU
		{A40451AD-0265-4CFF-A9DA-974D38D4E693}.Debug|Any CPU.Build.0 = Debug|Any CPU
		{A40451AD-0265-4CFF-A9DA-974D38D4E693}.Release|Any CPU.ActiveCfg = Release|Any CPU
		{A40451AD-0265-4CFF-A9DA-974D38D4E693}.Release|Any CPU.Build.0 = Release|Any CPU
	EndGlobalSection
	GlobalSection(SolutionProperties) = preSolution
		HideSolutionNode = FALSE
	EndGlobalSection
	GlobalSection(ExtensibilityGlobals) = postSolution
		SolutionGuid = {90905ED5-7DBD-466A-86E2-94759AC2BF73}
	EndGlobalSection
EndGlobal
